
Microsoft Visual Studio Solution File, Format Version 12.00
# Visual Studio Version 16
VisualStudioVersion = 16.0.28803.352
MinimumVisualStudioVersion = 10.0.40219.1
Project("{FAE04EC0-301F-11D3-BF4B-00C04F79EFBC}") = "WebService", "WebService\WebService.csproj", "{9999064F-C307-41A7-9B6E-BAFB9E537BA0}"
EndProject
Project("{FAE04EC0-301F-11D3-BF4B-00C04F79EFBC}") = "WebAdmin", "WebAdmin\WebAdmin.csproj", "{625E3795-0D6B-4A05-94A8-726595E29CFB}"
	ProjectSection(ProjectDependencies) = postProject
		{9999064F-C307-41A7-9B6E-BAFB9E537BA0} = {9999064F-C307-41A7-9B6E-BAFB9E537BA0}
	EndProjectSection
EndProject
Global
	GlobalSection(SolutionConfigurationPlatforms) = preSolution
		Debug|Any CPU = Debug|Any CPU
		Release|Any CPU = Release|Any CPU
	EndGlobalSection
	GlobalSection(ProjectConfigurationPlatforms) = postSolution
		{9999064F-C307-41A7-9B6E-BAFB9E537BA0}.Debug|Any CPU.ActiveCfg = Debug|Any CPU
		{9999064F-C307-41A7-9B6E-BAFB9E537BA0}.Debug|Any CPU.Build.0 = Debug|Any CPU
		{9999064F-C307-41A7-9B6E-BAFB9E537BA0}.Release|Any CPU.ActiveCfg = Release|Any CPU
		{9999064F-C307-41A7-9B6E-BAFB9E537BA0}.Release|Any CPU.Build.0 = Release|Any CPU
		{625E3795-0D6B-4A05-94A8-726595E29CFB}.Debug|Any CPU.ActiveCfg = Debug|Any CPU
		{625E3795-0D6B-4A05-94A8-726595E29CFB}.Debug|Any CPU.Build.0 = Debug|Any CPU
		{625E3795-0D6B-4A05-94A8-726595E29CFB}.Release|Any CPU.ActiveCfg = Release|Any CPU
		{625E3795-0D6B-4A05-94A8-726595E29CFB}.Release|Any CPU.Build.0 = Release|Any CPU
	EndGlobalSection
	GlobalSection(SolutionProperties) = preSolution
		HideSolutionNode = FALSE
	EndGlobalSection
	GlobalSection(ExtensibilityGlobals) = postSolution
		SolutionGuid = {B634B333-0FE4-4853-BBEA-7F3F491AA35D}
	EndGlobalSection
EndGlobal
